
Microsoft Visual Studio Solution File, Format Version 12.00
# Visual Studio Version 17
VisualStudioVersion = 17.11.35327.3
MinimumVisualStudioVersion = 10.0.40219.1
Project("{FAE04EC0-301F-11D3-BF4B-00C04F79EFBC}") = "Farven", "Farven\Farven.csproj", "{2D758642-06AA-484D-ACAE-71AD8681B915}"
EndProject
Global
	GlobalSection(SolutionConfigurationPlatforms) = preSolution
		Debug|Any CPU = Debug|Any CPU
		Release|Any CPU = Release|Any CPU
	EndGlobalSection
	GlobalSection(ProjectConfigurationPlatforms) = postSolution
		{2D758642-06AA-484D-ACAE-71AD8681B915}.Debug|Any CPU.ActiveCfg = Debug|Any CPU
		{2D758642-06AA-484D-ACAE-71AD8681B915}.Debug|Any CPU.Build.0 = Debug|Any CPU
		{2D758642-06AA-484D-ACAE-71AD8681B915}.Release|Any CPU.ActiveCfg = Release|Any CPU
		{2D758642-06AA-484D-ACAE-71AD8681B915}.Release|Any CPU.Build.0 = Release|Any CPU
	EndGlobalSection
	GlobalSection(SolutionProperties) = preSolution
		HideSolutionNode = FALSE
	EndGlobalSection
	GlobalSection(ExtensibilityGlobals) = postSolution
		SolutionGuid = {9B3C27B3-9273-4E70-AA48-7AF6FA0640E7}
	EndGlobalSection
EndGlobal
